// !$*UTF8*$!
{
	archiveVersion = 1;
	classes = {
	};
	objectVersion = 77;
	objects = {

/* Begin PBXBuildFile section */
		0C12CD35A6B49A92BC543F66 /* MessagesViewController.swift in Sources */ = {isa = PBXBuildFile; fileRef = 1F205EDD7750B29D8A744549 /* MessagesViewController.swift */; };
		1801B9AE96C2CEDE00B63849 /* RiverUI in Frameworks */ = {isa = PBXBuildFile; productRef = D360D6EED95BAB7AD7D0F037 /* RiverUI */; };
		4C9DE860987463A7239F3C26 /* RiverInteractionTests.swift in Sources */ = {isa = PBXBuildFile; fileRef = B685A97B0ABA083466E1D902 /* RiverInteractionTests.swift */; };
		566CC9541ACFEEED45187240 /* PrivacyInfo.xcprivacy in Resources */ = {isa = PBXBuildFile; fileRef = 1BB8D6D20CCE728A06FBC868 /* PrivacyInfo.xcprivacy */; };
		7E53C78F275E00DFF504B892 /* RiverApp.swift in Sources */ = {isa = PBXBuildFile; fileRef = 0B852B0474C0027A64CD022F /* RiverApp.swift */; };
		8550779DC6EBBAD147EFEDFB /* PrivacyInfo.xcprivacy in Resources */ = {isa = PBXBuildFile; fileRef = 1BB8D6D20CCE728A06FBC868 /* PrivacyInfo.xcprivacy */; };
		A5D144239ED92C24EA7783C2 /* Assets.xcassets in Resources */ = {isa = PBXBuildFile; fileRef = 50A4169ED14E4DD2BD11F43A /* Assets.xcassets */; };
		C3C35F44CBB81814977B374E /* RiverUI in Frameworks */ = {isa = PBXBuildFile; productRef = 87A0D67BF5054AC1B183F4BE /* RiverUI */; };
		D8829AFAF3F4FC7BFC645796 /* RiverMessages.appex in Embed Foundation Extensions */ = {isa = PBXBuildFile; fileRef = 50B509CFD6BE820A3C620256 /* RiverMessages.appex */; settings = {ATTRIBUTES = (RemoveHeadersOnCopy, ); }; };
		DD77B8B3D36E6DBEA579B85C /* Assets.xcassets in Resources */ = {isa = PBXBuildFile; fileRef = 2D5355625DF61EC0143FA883 /* Assets.xcassets */; };
/* End PBXBuildFile section */

/* Begin PBXContainerItemProxy section */
		52A7F59ACC286F714950424A /* PBXContainerItemProxy */ = {
			isa = PBXContainerItemProxy;
			containerPortal = 1111CDE7BEEF717E1E0BB5C9 /* Project object */;
			proxyType = 1;
			remoteGlobalIDString = 2E5547EBF3C62BD425B1B3E0;
			remoteInfo = River;
		};
		BDB41EAC36781D393C870077 /* PBXContainerItemProxy */ = {
			isa = PBXContainerItemProxy;
			containerPortal = 1111CDE7BEEF717E1E0BB5C9 /* Project object */;
			proxyType = 1;
			remoteGlobalIDString = D7CE16DF1CF27F10F182730A;
			remoteInfo = RiverMessages;
		};
/* End PBXContainerItemProxy section */

/* Begin PBXCopyFilesBuildPhase section */
		8114F85E8EB1DEDB4C6CF1DC /* Embed Foundation Extensions */ = {
			isa = PBXCopyFilesBuildPhase;
			buildActionMask = 2147483647;
			dstPath = "";
			dstSubfolderSpec = 13;
			files = (
				D8829AFAF3F4FC7BFC645796 /* RiverMessages.appex in Embed Foundation Extensions */,
			);
			name = "Embed Foundation Extensions";
			runOnlyForDeploymentPostprocessing = 0;
		};
/* End PBXCopyFilesBuildPhase section */

/* Begin PBXFileReference section */
		0B852B0474C0027A64CD022F /* RiverApp.swift */ = {isa = PBXFileReference; lastKnownFileType = sourcecode.swift; path = RiverApp.swift; sourceTree = "<group>"; };
		0C0B69F421AC7EB9DE85BCC7 /* RiverKit */ = {isa = PBXFileReference; lastKnownFileType = folder; name = RiverKit; path = RiverKit; sourceTree = SOURCE_ROOT; };
		1A7A069F977B4688B0569772 /* Info.plist */ = {isa = PBXFileReference; lastKnownFileType = text.plist; path = Info.plist; sourceTree = "<group>"; };
		1BB8D6D20CCE728A06FBC868 /* PrivacyInfo.xcprivacy */ = {isa = PBXFileReference; path = PrivacyInfo.xcprivacy; sourceTree = "<group>"; };
		1F205EDD7750B29D8A744549 /* MessagesViewController.swift */ = {isa = PBXFileReference; lastKnownFileType = sourcecode.swift; path = MessagesViewController.swift; sourceTree = "<group>"; };
		2D5355625DF61EC0143FA883 /* Assets.xcassets */ = {isa = PBXFileReference; lastKnownFileType = folder.assetcatalog; path = Assets.xcassets; sourceTree = "<group>"; };
		30861353134FF039E6227447 /* River.app */ = {isa = PBXFileReference; includeInIndex = 0; lastKnownFileType = wrapper.application; path = River.app; sourceTree = BUILT_PRODUCTS_DIR; };
		50A4169ED14E4DD2BD11F43A /* Assets.xcassets */ = {isa = PBXFileReference; lastKnownFileType = folder.assetcatalog; path = Assets.xcassets; sourceTree = "<group>"; };
		50B509CFD6BE820A3C620256 /* RiverMessages.appex */ = {isa = PBXFileReference; includeInIndex = 0; lastKnownFileType = "wrapper.app-extension"; path = RiverMessages.appex; sourceTree = BUILT_PRODUCTS_DIR; };
		B685A97B0ABA083466E1D902 /* RiverInteractionTests.swift */ = {isa = PBXFileReference; lastKnownFileType = sourcecode.swift; path = RiverInteractionTests.swift; sourceTree = "<group>"; };
		D48777A6A33EAF0FF3855F32 /* Info.plist */ = {isa = PBXFileReference; lastKnownFileType = text.plist; path = Info.plist; sourceTree = "<group>"; };
		F06BBE1F0180BBE8FC7316B3 /* RiverTests.xctest */ = {isa = PBXFileReference; includeInIndex = 0; lastKnownFileType = wrapper.cfbundle; path = RiverTests.xctest; sourceTree = BUILT_PRODUCTS_DIR; };
/* End PBXFileReference section */

/* Begin PBXFrameworksBuildPhase section */
		3FBA9FA0CE148564CA6D05BA /* Frameworks */ = {
			isa = PBXFrameworksBuildPhase;
			buildActionMask = 2147483647;
			files = (
				1801B9AE96C2CEDE00B63849 /* RiverUI in Frameworks */,
			);
			runOnlyForDeploymentPostprocessing = 0;
		};
		DF30D951D13B06783751D9CF /* Frameworks */ = {
			isa = PBXFrameworksBuildPhase;
			buildActionMask = 2147483647;
			files = (
				C3C35F44CBB81814977B374E /* RiverUI in Frameworks */,
			);
			runOnlyForDeploymentPostprocessing = 0;
		};
/* End PBXFrameworksBuildPhase section */

/* Begin PBXGroup section */
		0AF6E65F870BACFA504F1A09 /* App */ = {
			isa = PBXGroup;
			children = (
				50A4169ED14E4DD2BD11F43A /* Assets.xcassets */,
				1A7A069F977B4688B0569772 /* Info.plist */,
				0B852B0474C0027A64CD022F /* RiverApp.swift */,
			);
			path = App;
			sourceTree = "<group>";
		};
		3437666379C13C68DD0A7075 /* Config */ = {
			isa = PBXGroup;
			children = (
				1BB8D6D20CCE728A06FBC868 /* PrivacyInfo.xcprivacy */,
			);
			path = Config;
			sourceTree = "<group>";
		};
		66C313586A13385ACCD3C41C /* Messages */ = {
			isa = PBXGroup;
			children = (
				2D5355625DF61EC0143FA883 /* Assets.xcassets */,
				D48777A6A33EAF0FF3855F32 /* Info.plist */,
				1F205EDD7750B29D8A744549 /* MessagesViewController.swift */,
			);
			path = Messages;
			sourceTree = "<group>";
		};
		B08359D185E9211107825A42 = {
			isa = PBXGroup;
			children = (
				0AF6E65F870BACFA504F1A09 /* App */,
				3437666379C13C68DD0A7075 /* Config */,
				66C313586A13385ACCD3C41C /* Messages */,
				E19228AC31A764FDECF620EB /* Packages */,
				D7DFEAB75AAD9250B84FEE2E /* Tests */,
				D8A528121E22538390D4F030 /* Products */,
			);
			sourceTree = "<group>";
		};
		D7DFEAB75AAD9250B84FEE2E /* Tests */ = {
			isa = PBXGroup;
			children = (
				B685A97B0ABA083466E1D902 /* RiverInteractionTests.swift */,
			);
			path = Tests;
			sourceTree = "<group>";
		};
		D8A528121E22538390D4F030 /* Products */ = {
			isa = PBXGroup;
			children = (
				30861353134FF039E6227447 /* River.app */,
				50B509CFD6BE820A3C620256 /* RiverMessages.appex */,
				F06BBE1F0180BBE8FC7316B3 /* RiverTests.xctest */,
			);
			name = Products;
			sourceTree = "<group>";
		};
		E19228AC31A764FDECF620EB /* Packages */ = {
			isa = PBXGroup;
			children = (
				0C0B69F421AC7EB9DE85BCC7 /* RiverKit */,
			);
			name = Packages;
			sourceTree = "<group>";
		};
/* End PBXGroup section */

/* Begin PBXNativeTarget section */
		2E5547EBF3C62BD425B1B3E0 /* River */ = {
			isa = PBXNativeTarget;
			buildConfigurationList = 61CEE7648F21B9C0BB6DB75F /* Build configuration list for PBXNativeTarget "River" */;
			buildPhases = (
				6A1DAC42A6D5112D135ECCB8 /* Sources */,
				7C33328FE12B5EF9C01739A9 /* Resources */,
				DF30D951D13B06783751D9CF /* Frameworks */,
				8114F85E8EB1DEDB4C6CF1DC /* Embed Foundation Extensions */,
			);
			buildRules = (
			);
			dependencies = (
				9D7E840790B4F6723B45C8BB /* PBXTargetDependency */,
			);
			name = River;
			packageProductDependencies = (
				87A0D67BF5054AC1B183F4BE /* RiverUI */,
			);
			productName = River;
			productReference = 30861353134FF039E6227447 /* River.app */;
			productType = "com.apple.product-type.application";
		};
		7911A0BEA50B66F22399A53D /* RiverTests */ = {
			isa = PBXNativeTarget;
			buildConfigurationList = 30B09F4BCD87C73F8D6FFFF6 /* Build configuration list for PBXNativeTarget "RiverTests" */;
			buildPhases = (
				0013831C5842BDEC4C994115 /* Sources */,
			);
			buildRules = (
			);
			dependencies = (
				8B6CD31B8A09C63225B3CFAD /* PBXTargetDependency */,
			);
			name = RiverTests;
			packageProductDependencies = (
			);
			productName = RiverTests;
			productReference = F06BBE1F0180BBE8FC7316B3 /* RiverTests.xctest */;
			productType = "com.apple.product-type.bundle.ui-testing";
		};
		D7CE16DF1CF27F10F182730A /* RiverMessages */ = {
			isa = PBXNativeTarget;
			buildConfigurationList = AA55340365CE5F34B3603D74 /* Build configuration list for PBXNativeTarget "RiverMessages" */;
			buildPhases = (
				CCC2A9AF711F0AC545DD4236 /* Sources */,
				905AECB4235573B581AB95B0 /* Resources */,
				3FBA9FA0CE148564CA6D05BA /* Frameworks */,
			);
			buildRules = (
			);
			dependencies = (
			);
			name = RiverMessages;
			packageProductDependencies = (
				D360D6EED95BAB7AD7D0F037 /* RiverUI */,
			);
			productName = RiverMessages;
			productReference = 50B509CFD6BE820A3C620256 /* RiverMessages.appex */;
			productType = "com.apple.product-type.app-extension.messages";
		};
/* End PBXNativeTarget section */

/* Begin PBXProject section */
		1111CDE7BEEF717E1E0BB5C9 /* Project object */ = {
			isa = PBXProject;
			attributes = {
				BuildIndependentTargetsInParallel = YES;
				LastUpgradeCheck = 1430;
				TargetAttributes = {
					7911A0BEA50B66F22399A53D = {
						TestTargetID = 2E5547EBF3C62BD425B1B3E0;
					};
				};
			};
			buildConfigurationList = 0E8F356653DDD753CEA035C8 /* Build configuration list for PBXProject "River" */;
			developmentRegion = en;
			hasScannedForEncodings = 0;
			knownRegions = (
				Base,
				en,
			);
			mainGroup = B08359D185E9211107825A42;
			minimizedProjectReferenceProxies = 1;
			packageReferences = (
				0AE893FB02DF3B93D2BF3EB6 /* XCLocalSwiftPackageReference "RiverKit" */,
			);
			preferredProjectObjectVersion = 77;
			productRefGroup = D8A528121E22538390D4F030 /* Products */;
			projectDirPath = "";
			projectRoot = "";
			targets = (
				2E5547EBF3C62BD425B1B3E0 /* River */,
				D7CE16DF1CF27F10F182730A /* RiverMessages */,
				7911A0BEA50B66F22399A53D /* RiverTests */,
			);
		};
/* End PBXProject section */

/* Begin PBXResourcesBuildPhase section */
		7C33328FE12B5EF9C01739A9 /* Resources */ = {
			isa = PBXResourcesBuildPhase;
			buildActionMask = 2147483647;
			files = (
				A5D144239ED92C24EA7783C2 /* Assets.xcassets in Resources */,
				8550779DC6EBBAD147EFEDFB /* PrivacyInfo.xcprivacy in Resources */,
			);
			runOnlyForDeploymentPostprocessing = 0;
		};
		905AECB4235573B581AB95B0 /* Resources */ = {
			isa = PBXResourcesBuildPhase;
			buildActionMask = 2147483647;
			files = (
				DD77B8B3D36E6DBEA579B85C /* Assets.xcassets in Resources */,
				566CC9541ACFEEED45187240 /* PrivacyInfo.xcprivacy in Resources */,
			);
			runOnlyForDeploymentPostprocessing = 0;
		};
/* End PBXResourcesBuildPhase section */

/* Begin PBXSourcesBuildPhase section */
		0013831C5842BDEC4C994115 /* Sources */ = {
			isa = PBXSourcesBuildPhase;
			buildActionMask = 2147483647;
			files = (
				4C9DE860987463A7239F3C26 /* RiverInteractionTests.swift in Sources */,
			);
			runOnlyForDeploymentPostprocessing = 0;
		};
		6A1DAC42A6D5112D135ECCB8 /* Sources */ = {
			isa = PBXSourcesBuildPhase;
			buildActionMask = 2147483647;
			files = (
				7E53C78F275E00DFF504B892 /* RiverApp.swift in Sources */,
			);
			runOnlyForDeploymentPostprocessing = 0;
		};
		CCC2A9AF711F0AC545DD4236 /* Sources */ = {
			isa = PBXSourcesBuildPhase;
			buildActionMask = 2147483647;
			files = (
				0C12CD35A6B49A92BC543F66 /* MessagesViewController.swift in Sources */,
			);
			runOnlyForDeploymentPostprocessing = 0;
		};
/* End PBXSourcesBuildPhase section */

/* Begin PBXTargetDependency section */
		8B6CD31B8A09C63225B3CFAD /* PBXTargetDependency */ = {
			isa = PBXTargetDependency;
			target = 2E5547EBF3C62BD425B1B3E0 /* River */;
			targetProxy = 52A7F59ACC286F714950424A /* PBXContainerItemProxy */;
		};
		9D7E840790B4F6723B45C8BB /* PBXTargetDependency */ = {
			isa = PBXTargetDependency;
			target = D7CE16DF1CF27F10F182730A /* RiverMessages */;
			targetProxy = BDB41EAC36781D393C870077 /* PBXContainerItemProxy */;
		};
/* End PBXTargetDependency section */

/* Begin XCBuildConfiguration section */
		10EC4564BCB8332E0D53E8FE /* Release */ = {
			isa = XCBuildConfiguration;
			buildSettings = {
				BUNDLE_LOADER = "$(TEST_HOST)";
				GENERATE_INFOPLIST_FILE = YES;
				LD_RUNPATH_SEARCH_PATHS = (
					"$(inherited)",
					"@executable_path/Frameworks",
					"@loader_path/Frameworks",
				);
				PRODUCT_BUNDLE_IDENTIFIER = com.dewylabs.river.tests;
				SDKROOT = iphoneos;
				TARGETED_DEVICE_FAMILY = "1,2";
				TEST_TARGET_NAME = River;
			};
			name = Release;
		};
		52409E7B192654B307C71088 /* Debug */ = {
			isa = XCBuildConfiguration;
			buildSettings = {
				ASSETCATALOG_COMPILER_APPICON_NAME = AppIcon;
				CODE_SIGN_ENTITLEMENTS = Config/River.entitlements;
				CODE_SIGN_IDENTITY = "iPhone Developer";
				INFOPLIST_FILE = App/Info.plist;
				LD_RUNPATH_SEARCH_PATHS = (
					"$(inherited)",
					"@executable_path/Frameworks",
				);
				PRODUCT_BUNDLE_IDENTIFIER = com.dewylabs.river;
				SDKROOT = iphoneos;
				TARGETED_DEVICE_FAMILY = "1,2";
			};
			name = Debug;
		};
		6828A6D60E5D82D3368094F7 /* Release */ = {
			isa = XCBuildConfiguration;
			buildSettings = {
				APPLICATION_EXTENSION_API_ONLY = YES;
				ASSETCATALOG_COMPILER_APPICON_NAME = "iMessage App Icon";
				CODE_SIGN_ENTITLEMENTS = Config/River.entitlements;
				INFOPLIST_FILE = Messages/Info.plist;
				LD_RUNPATH_SEARCH_PATHS = (
					"$(inherited)",
					"@executable_path/Frameworks",
					"@executable_path/../../Frameworks",
				);
				PRODUCT_BUNDLE_IDENTIFIER = com.dewylabs.river.messages;
				SDKROOT = iphoneos;
				TARGETED_DEVICE_FAMILY = "1,2";
			};
			name = Release;
		};
		778B5E3D08343B579F01BE34 /* Debug */ = {
			isa = XCBuildConfiguration;
			buildSettings = {
				ALWAYS_SEARCH_USER_PATHS = NO;
				CLANG_ANALYZER_NONNULL = YES;
				CLANG_ANALYZER_NUMBER_OBJECT_CONVERSION = YES_AGGRESSIVE;
				CLANG_CXX_LANGUAGE_STANDARD = "gnu++14";
				CLANG_CXX_LIBRARY = "libc++";
				CLANG_ENABLE_MODULES = YES;
				CLANG_ENABLE_OBJC_ARC = YES;
				CLANG_ENABLE_OBJC_WEAK = YES;
				CLANG_WARN_BLOCK_CAPTURE_AUTORELEASING = YES;
				CLANG_WARN_BOOL_CONVERSION = YES;
				CLANG_WARN_COMMA = YES;
				CLANG_WARN_CONSTANT_CONVERSION = YES;
				CLANG_WARN_DEPRECATED_OBJC_IMPLEMENTATIONS = YES;
				CLANG_WARN_DIRECT_OBJC_ISA_USAGE = YES_ERROR;
				CLANG_WARN_DOCUMENTATION_COMMENTS = YES;
				CLANG_WARN_EMPTY_BODY = YES;
				CLANG_WARN_ENUM_CONVERSION = YES;
				CLANG_WARN_INFINITE_RECURSION = YES;
				CLANG_WARN_INT_CONVERSION = YES;
				CLANG_WARN_NON_LITERAL_NULL_CONVERSION = YES;
				CLANG_WARN_OBJC_IMPLICIT_RETAIN_SELF = YES;
				CLANG_WARN_OBJC_LITERAL_CONVERSION = YES;
				CLANG_WARN_OBJC_ROOT_CLASS = YES_ERROR;
				CLANG_WARN_QUOTED_INCLUDE_IN_FRAMEWORK_HEADER = YES;
				CLANG_WARN_RANGE_LOOP_ANALYSIS = YES;
				CLANG_WARN_STRICT_PROTOTYPES = YES;
				CLANG_WARN_SUSPICIOUS_MOVE = YES;
				CLANG_WARN_UNGUARDED_AVAILABILITY = YES_AGGRESSIVE;
				CLANG_WARN_UNREACHABLE_CODE = YES;
				CLANG_WARN__DUPLICATE_METHOD_MATCH = YES;
				COPY_PHASE_STRIP = NO;
				CURRENT_PROJECT_VERSION = 2;
				DEBUG_INFORMATION_FORMAT = dwarf;
				ENABLE_STRICT_OBJC_MSGSEND = YES;
				ENABLE_TESTABILITY = YES;
				GCC_C_LANGUAGE_STANDARD = gnu11;
				GCC_DYNAMIC_NO_PIC = NO;
				GCC_NO_COMMON_BLOCKS = YES;
				GCC_OPTIMIZATION_LEVEL = 0;
				GCC_PREPROCESSOR_DEFINITIONS = (
					"$(inherited)",
					"DEBUG=1",
				);
				GCC_WARN_64_TO_32_BIT_CONVERSION = YES;
				GCC_WARN_ABOUT_RETURN_TYPE = YES_ERROR;
				GCC_WARN_UNDECLARED_SELECTOR = YES;
				GCC_WARN_UNINITIALIZED_AUTOS = YES_AGGRESSIVE;
				GCC_WARN_UNUSED_FUNCTION = YES;
				GCC_WARN_UNUSED_VARIABLE = YES;
				IPHONEOS_DEPLOYMENT_TARGET = 17.0;
				MARKETING_VERSION = 2.0;
				MTL_ENABLE_DEBUG_INFO = INCLUDE_SOURCE;
				MTL_FAST_MATH = YES;
				ONLY_ACTIVE_ARCH = YES;
				PRODUCT_NAME = "$(TARGET_NAME)";
				SDKROOT = iphoneos;
				SWIFT_ACTIVE_COMPILATION_CONDITIONS = DEBUG;
				SWIFT_OPTIMIZATION_LEVEL = "-Onone";
				SWIFT_VERSION = 6.0;
				TARGETED_DEVICE_FAMILY = "1,2";
			};
			name = Debug;
		};
		78F2ACC1F6952E935DFD337D /* Release */ = {
			isa = XCBuildConfiguration;
			buildSettings = {
				ASSETCATALOG_COMPILER_APPICON_NAME = AppIcon;
				CODE_SIGN_ENTITLEMENTS = Config/River.entitlements;
				CODE_SIGN_IDENTITY = "iPhone Developer";
				INFOPLIST_FILE = App/Info.plist;
				LD_RUNPATH_SEARCH_PATHS = (
					"$(inherited)",
					"@executable_path/Frameworks",
				);
				PRODUCT_BUNDLE_IDENTIFIER = com.dewylabs.river;
				SDKROOT = iphoneos;
				TARGETED_DEVICE_FAMILY = "1,2";
			};
			name = Release;
		};
		98079FBFB22AB5BB2EBF10F8 /* Debug */ = {
			isa = XCBuildConfiguration;
			buildSettings = {
				BUNDLE_LOADER = "$(TEST_HOST)";
				GENERATE_INFOPLIST_FILE = YES;
				LD_RUNPATH_SEARCH_PATHS = (
					"$(inherited)",
					"@executable_path/Frameworks",
					"@loader_path/Frameworks",
				);
				PRODUCT_BUNDLE_IDENTIFIER = com.dewylabs.river.tests;
				SDKROOT = iphoneos;
				TARGETED_DEVICE_FAMILY = "1,2";
				TEST_TARGET_NAME = River;
			};
			name = Debug;
		};
		C16AD038AF5F092C2BC2C412 /* Release */ = {
			isa = XCBuildConfiguration;
			buildSettings = {
				ALWAYS_SEARCH_USER_PATHS = NO;
				CLANG_ANALYZER_NONNULL = YES;
				CLANG_ANALYZER_NUMBER_OBJECT_CONVERSION = YES_AGGRESSIVE;
				CLANG_CXX_LANGUAGE_STANDARD = "gnu++14";
				CLANG_CXX_LIBRARY = "libc++";
				CLANG_ENABLE_MODULES = YES;
				CLANG_ENABLE_OBJC_ARC = YES;
				CLANG_ENABLE_OBJC_WEAK = YES;
				CLANG_WARN_BLOCK_CAPTURE_AUTORELEASING = YES;
				CLANG_WARN_BOOL_CONVERSION = YES;
				CLANG_WARN_COMMA = YES;
				CLANG_WARN_CONSTANT_CONVERSION = YES;
				CLANG_WARN_DEPRECATED_OBJC_IMPLEMENTATIONS = YES;
				CLANG_WARN_DIRECT_OBJC_ISA_USAGE = YES_ERROR;
				CLANG_WARN_DOCUMENTATION_COMMENTS = YES;
				CLANG_WARN_EMPTY_BODY = YES;
				CLANG_WARN_ENUM_CONVERSION = YES;
				CLANG_WARN_INFINITE_RECURSION = YES;
				CLANG_WARN_INT_CONVERSION = YES;
				CLANG_WARN_NON_LITERAL_NULL_CONVERSION = YES;
				CLANG_WARN_OBJC_IMPLICIT_RETAIN_SELF = YES;
				CLANG_WARN_OBJC_LITERAL_CONVERSION = YES;
				CLANG_WARN_OBJC_ROOT_CLASS = YES_ERROR;
				CLANG_WARN_QUOTED_INCLUDE_IN_FRAMEWORK_HEADER = YES;
				CLANG_WARN_RANGE_LOOP_ANALYSIS = YES;
				CLANG_WARN_STRICT_PROTOTYPES = YES;
				CLANG_WARN_SUSPICIOUS_MOVE = YES;
				CLANG_WARN_UNGUARDED_AVAILABILITY = YES_AGGRESSIVE;
				CLANG_WARN_UNREACHABLE_CODE = YES;
				CLANG_WARN__DUPLICATE_METHOD_MATCH = YES;
				COPY_PHASE_STRIP = NO;
				CURRENT_PROJECT_VERSION = 2;
				DEBUG_INFORMATION_FORMAT = "dwarf-with-dsym";
				ENABLE_NS_ASSERTIONS = NO;
				ENABLE_STRICT_OBJC_MSGSEND = YES;
				GCC_C_LANGUAGE_STANDARD = gnu11;
				GCC_NO_COMMON_BLOCKS = YES;
				GCC_WARN_64_TO_32_BIT_CONVERSION = YES;
				GCC_WARN_ABOUT_RETURN_TYPE = YES_ERROR;
				GCC_WARN_UNDECLARED_SELECTOR = YES;
				GCC_WARN_UNINITIALIZED_AUTOS = YES_AGGRESSIVE;
				GCC_WARN_UNUSED_FUNCTION = YES;
				GCC_WARN_UNUSED_VARIABLE = YES;
				IPHONEOS_DEPLOYMENT_TARGET = 17.0;
				MARKETING_VERSION = 2.0;
				MTL_ENABLE_DEBUG_INFO = NO;
				MTL_FAST_MATH = YES;
				PRODUCT_NAME = "$(TARGET_NAME)";
				SDKROOT = iphoneos;
				SWIFT_COMPILATION_MODE = wholemodule;
				SWIFT_OPTIMIZATION_LEVEL = "-O";
				SWIFT_VERSION = 6.0;
				TARGETED_DEVICE_FAMILY = "1,2";
			};
			name = Release;
		};
		C3251A9E0262C81A36AFFC2E /* Debug */ = {
			isa = XCBuildConfiguration;
			buildSettings = {
				APPLICATION_EXTENSION_API_ONLY = YES;
				ASSETCATALOG_COMPILER_APPICON_NAME = "iMessage App Icon";
				CODE_SIGN_ENTITLEMENTS = Config/River.entitlements;
				INFOPLIST_FILE = Messages/Info.plist;
				LD_RUNPATH_SEARCH_PATHS = (
					"$(inherited)",
					"@executable_path/Frameworks",
					"@executable_path/../../Frameworks",
				);
				PRODUCT_BUNDLE_IDENTIFIER = com.dewylabs.river.messages;
				SDKROOT = iphoneos;
				TARGETED_DEVICE_FAMILY = "1,2";
			};
			name = Debug;
		};
/* End XCBuildConfiguration section */

/* Begin XCConfigurationList section */
		0E8F356653DDD753CEA035C8 /* Build configuration list for PBXProject "River" */ = {
			isa = XCConfigurationList;
			buildConfigurations = (
				778B5E3D08343B579F01BE34 /* Debug */,
				C16AD038AF5F092C2BC2C412 /* Release */,
			);
			defaultConfigurationIsVisible = 0;
			defaultConfigurationName = Debug;
		};
		30B09F4BCD87C73F8D6FFFF6 /* Build configuration list for PBXNativeTarget "RiverTests" */ = {
			isa = XCConfigurationList;
			buildConfigurations = (
				98079FBFB22AB5BB2EBF10F8 /* Debug */,
				10EC4564BCB8332E0D53E8FE /* Release */,
			);
			defaultConfigurationIsVisible = 0;
			defaultConfigurationName = Debug;
		};
		61CEE7648F21B9C0BB6DB75F /* Build configuration list for PBXNativeTarget "River" */ = {
			isa = XCConfigurationList;
			buildConfigurations = (
				52409E7B192654B307C71088 /* Debug */,
				78F2ACC1F6952E935DFD337D /* Release */,
			);
			defaultConfigurationIsVisible = 0;
			defaultConfigurationName = Debug;
		};
		AA55340365CE5F34B3603D74 /* Build configuration list for PBXNativeTarget "RiverMessages" */ = {
			isa = XCConfigurationList;
			buildConfigurations = (
				C3251A9E0262C81A36AFFC2E /* Debug */,
				6828A6D60E5D82D3368094F7 /* Release */,
			);
			defaultConfigurationIsVisible = 0;
			defaultConfigurationName = Debug;
		};
/* End XCConfigurationList section */

/* Begin XCLocalSwiftPackageReference section */
		0AE893FB02DF3B93D2BF3EB6 /* XCLocalSwiftPackageReference "RiverKit" */ = {
			isa = XCLocalSwiftPackageReference;
			relativePath = RiverKit;
		};
/* End XCLocalSwiftPackageReference section */

/* Begin XCSwiftPackageProductDependency section */
		87A0D67BF5054AC1B183F4BE /* RiverUI */ = {
			isa = XCSwiftPackageProductDependency;
			productName = RiverUI;
		};
		D360D6EED95BAB7AD7D0F037 /* RiverUI */ = {
			isa = XCSwiftPackageProductDependency;
			productName = RiverUI;
		};
/* End XCSwiftPackageProductDependency section */
	};
	rootObject = 1111CDE7BEEF717E1E0BB5C9 /* Project object */;
}
