// !$*UTF8*$!
{
	archiveVersion = 1;
	classes = {
	};
	objectVersion = 77;
	objects = {

/* Begin PBXBuildFile section */
		025AED77D04D7F80B9824D96 /* RiverMessagesInteractionTests.swift in Sources */ = {isa = PBXBuildFile; fileRef = AED947E923C39338587A05B7 /* RiverMessagesInteractionTests.swift */; };
		087A501860A3692DEC187968 /* AppAssets.xcassets in Resources */ = {isa = PBXBuildFile; fileRef = AE0116DCB9F5F29F058ADC74 /* AppAssets.xcassets */; };
		20880855A11CA8A85BED32AB /* Assets.xcassets in Resources */ = {isa = PBXBuildFile; fileRef = 47CAACB0218D10193B71E2E1 /* Assets.xcassets */; };
		25717E23C3C122A51981FB5D /* River.swift in Sources */ = {isa = PBXBuildFile; fileRef = C8E36482A6171C4542C4D42C /* River.swift */; };
		74D797A4417460109BF9AF24 /* MessagesViewControllerSending.swift in Sources */ = {isa = PBXBuildFile; fileRef = DC9249E04D36458E88050E1E /* MessagesViewControllerSending.swift */; };
		75A869FDFF2BFC6971D22B7B /* RiverMessagesExtension.appex in Embed Foundation Extensions */ = {isa = PBXBuildFile; fileRef = 085B91E4FFF58BA61EFDEE64 /* RiverMessagesExtension.appex */; settings = {ATTRIBUTES = (RemoveHeadersOnCopy, ); }; };
		7F927A41658A91A88B5E14B5 /* HoldemUI in Frameworks */ = {isa = PBXBuildFile; productRef = 9A9B1385AA5890261DE20000 /* HoldemUI */; };
		804CBE22DD0975E0774D760B /* MessagesViewController.swift in Sources */ = {isa = PBXBuildFile; fileRef = C507BC82673645D240CD6799 /* MessagesViewController.swift */; };
		930DF8FB35E80E76C9D5590F /* MessagePayloads.swift in Sources */ = {isa = PBXBuildFile; fileRef = A9B43F30997B303DA4CB0D58 /* MessagePayloads.swift */; };
		9E04C295B6B2C00E2BFE5B9B /* RiverInteractionTests.swift in Sources */ = {isa = PBXBuildFile; fileRef = 737FA785448C1F7BC37B6CF8 /* RiverInteractionTests.swift */; };
		AB31F238D964842DB3136435 /* PrivacyInfo.xcprivacy in Resources */ = {isa = PBXBuildFile; fileRef = A3DEF0685D23D5E90417A041 /* PrivacyInfo.xcprivacy */; };
		B526A93AA1F6EB84E42D239A /* MessagesViewControllerRendering.swift in Sources */ = {isa = PBXBuildFile; fileRef = 7D71E7B258442C2C7D2DB2ED /* MessagesViewControllerRendering.swift */; };
		C3C35F44CBB81814977B374E /* HoldemUI in Frameworks */ = {isa = PBXBuildFile; productRef = F2E22C9344DFACA2A3B5553D /* HoldemUI */; };
		C5D6BA3B73DD9323B661BED4 /* SwiftUIRootHost.swift in Sources */ = {isa = PBXBuildFile; fileRef = 3E0D09EE991B5B8488836390 /* SwiftUIRootHost.swift */; };
		D8AD9C63495905DA41648727 /* GameCore in Frameworks */ = {isa = PBXBuildFile; productRef = 7FACAA3B8E27F93AD7658CAA /* GameCore */; };
		E6633CC7F6C607760E64A479 /* LatestRevisionStore.swift in Sources */ = {isa = PBXBuildFile; fileRef = 45D8DE420C2F111DEB1634EA /* LatestRevisionStore.swift */; };
		EB90F9E515C2B7828B23211B /* PrivacyInfo.xcprivacy in Resources */ = {isa = PBXBuildFile; fileRef = A3DEF0685D23D5E90417A041 /* PrivacyInfo.xcprivacy */; };
		FD72318788A853FC134002E5 /* AppAssets.xcassets in Resources */ = {isa = PBXBuildFile; fileRef = AE0116DCB9F5F29F058ADC74 /* AppAssets.xcassets */; };
/* End PBXBuildFile section */

/* Begin PBXContainerItemProxy section */
		3914937FE4A6F33210F7E66C /* PBXContainerItemProxy */ = {
			isa = PBXContainerItemProxy;
			containerPortal = 1111CDE7BEEF717E1E0BB5C9 /* Project object */;
			proxyType = 1;
			remoteGlobalIDString = 2E5547EBF3C62BD425B1B3E0;
			remoteInfo = River;
		};
		CF8AA2546096020DA66DDA0A /* PBXContainerItemProxy */ = {
			isa = PBXContainerItemProxy;
			containerPortal = 1111CDE7BEEF717E1E0BB5C9 /* Project object */;
			proxyType = 1;
			remoteGlobalIDString = B2E1D6A52DCBF4B2CF8BF3B2;
			remoteInfo = RiverMessagesExtension;
		};
		DA136C077AF226D04709306D /* PBXContainerItemProxy */ = {
			isa = PBXContainerItemProxy;
			containerPortal = 1111CDE7BEEF717E1E0BB5C9 /* Project object */;
			proxyType = 1;
			remoteGlobalIDString = D7CE16DF1CF27F10F182730A;
			remoteInfo = RiverMessages;
		};
/* End PBXContainerItemProxy section */

/* Begin PBXCopyFilesBuildPhase section */
		092E899B3A5D0B80133772A3 /* Embed Foundation Extensions */ = {
			isa = PBXCopyFilesBuildPhase;
			buildActionMask = 2147483647;
			dstPath = "";
			dstSubfolderSpec = 13;
			files = (
				75A869FDFF2BFC6971D22B7B /* RiverMessagesExtension.appex in Embed Foundation Extensions */,
			);
			name = "Embed Foundation Extensions";
			runOnlyForDeploymentPostprocessing = 0;
		};
/* End PBXCopyFilesBuildPhase section */

/* Begin PBXFileReference section */
		085B91E4FFF58BA61EFDEE64 /* RiverMessagesExtension.appex */ = {isa = PBXFileReference; includeInIndex = 0; lastKnownFileType = "wrapper.app-extension"; path = RiverMessagesExtension.appex; sourceTree = BUILT_PRODUCTS_DIR; };
		30861353134FF039E6227447 /* River.app */ = {isa = PBXFileReference; includeInIndex = 0; lastKnownFileType = wrapper.application; path = River.app; sourceTree = BUILT_PRODUCTS_DIR; };
		3E0D09EE991B5B8488836390 /* SwiftUIRootHost.swift */ = {isa = PBXFileReference; lastKnownFileType = sourcecode.swift; path = SwiftUIRootHost.swift; sourceTree = "<group>"; };
		45D8DE420C2F111DEB1634EA /* LatestRevisionStore.swift */ = {isa = PBXFileReference; lastKnownFileType = sourcecode.swift; path = LatestRevisionStore.swift; sourceTree = "<group>"; };
		47CAACB0218D10193B71E2E1 /* Assets.xcassets */ = {isa = PBXFileReference; lastKnownFileType = folder.assetcatalog; path = Assets.xcassets; sourceTree = "<group>"; };
		66740829813F1A24104DDE23 /* RiverUITests.xctest */ = {isa = PBXFileReference; includeInIndex = 0; lastKnownFileType = wrapper.cfbundle; path = RiverUITests.xctest; sourceTree = BUILT_PRODUCTS_DIR; };
		737FA785448C1F7BC37B6CF8 /* RiverInteractionTests.swift */ = {isa = PBXFileReference; lastKnownFileType = sourcecode.swift; path = RiverInteractionTests.swift; sourceTree = "<group>"; };
		7D71E7B258442C2C7D2DB2ED /* MessagesViewControllerRendering.swift */ = {isa = PBXFileReference; lastKnownFileType = sourcecode.swift; path = MessagesViewControllerRendering.swift; sourceTree = "<group>"; };
		840379BB6BA1B6D862CBA5CD /* RiverMessagesInteractionTests.xctest */ = {isa = PBXFileReference; includeInIndex = 0; lastKnownFileType = wrapper.cfbundle; path = RiverMessagesInteractionTests.xctest; sourceTree = BUILT_PRODUCTS_DIR; };
		A3DEF0685D23D5E90417A041 /* PrivacyInfo.xcprivacy */ = {isa = PBXFileReference; path = PrivacyInfo.xcprivacy; sourceTree = "<group>"; };
		A9B43F30997B303DA4CB0D58 /* MessagePayloads.swift */ = {isa = PBXFileReference; lastKnownFileType = sourcecode.swift; path = MessagePayloads.swift; sourceTree = "<group>"; };
		AE0116DCB9F5F29F058ADC74 /* AppAssets.xcassets */ = {isa = PBXFileReference; lastKnownFileType = folder.assetcatalog; path = AppAssets.xcassets; sourceTree = "<group>"; };
		AED947E923C39338587A05B7 /* RiverMessagesInteractionTests.swift */ = {isa = PBXFileReference; lastKnownFileType = sourcecode.swift; path = RiverMessagesInteractionTests.swift; sourceTree = "<group>"; };
		B471DBFC1F65FA2AF642A464 /* Info.plist */ = {isa = PBXFileReference; lastKnownFileType = text.plist; path = Info.plist; sourceTree = "<group>"; };
		C507BC82673645D240CD6799 /* MessagesViewController.swift */ = {isa = PBXFileReference; lastKnownFileType = sourcecode.swift; path = MessagesViewController.swift; sourceTree = "<group>"; };
		C8E36482A6171C4542C4D42C /* River.swift */ = {isa = PBXFileReference; lastKnownFileType = sourcecode.swift; path = River.swift; sourceTree = "<group>"; };
		DA7DAE6A66ADA8D76B308241 /* GameCore */ = {isa = PBXFileReference; lastKnownFileType = folder; name = GameCore; path = GameCore; sourceTree = SOURCE_ROOT; };
		DC9249E04D36458E88050E1E /* MessagesViewControllerSending.swift */ = {isa = PBXFileReference; lastKnownFileType = sourcecode.swift; path = MessagesViewControllerSending.swift; sourceTree = "<group>"; };
		F3BF93C594E08ED938ACFF6C /* RiverMessages.app */ = {isa = PBXFileReference; includeInIndex = 0; lastKnownFileType = wrapper.application; path = RiverMessages.app; sourceTree = BUILT_PRODUCTS_DIR; };
/* End PBXFileReference section */

/* Begin PBXFrameworksBuildPhase section */
		3EAF428B29F3AF9324560545 /* Frameworks */ = {
			isa = PBXFrameworksBuildPhase;
			buildActionMask = 2147483647;
			files = (
				D8AD9C63495905DA41648727 /* GameCore in Frameworks */,
				7F927A41658A91A88B5E14B5 /* HoldemUI in Frameworks */,
			);
			runOnlyForDeploymentPostprocessing = 0;
		};
		DF30D951D13B06783751D9CF /* Frameworks */ = {
			isa = PBXFrameworksBuildPhase;
			buildActionMask = 2147483647;
			files = (
				C3C35F44CBB81814977B374E /* HoldemUI in Frameworks */,
			);
			runOnlyForDeploymentPostprocessing = 0;
		};
/* End PBXFrameworksBuildPhase section */

/* Begin PBXGroup section */
		12FE704C57F230F115B91FBF /* River */ = {
			isa = PBXGroup;
			children = (
				C8E36482A6171C4542C4D42C /* River.swift */,
			);
			path = River;
			sourceTree = "<group>";
		};
		6B53E0B038F83EC516CD4CCC /* MessagesExtension */ = {
			isa = PBXGroup;
			children = (
				B471DBFC1F65FA2AF642A464 /* Info.plist */,
				45D8DE420C2F111DEB1634EA /* LatestRevisionStore.swift */,
				A9B43F30997B303DA4CB0D58 /* MessagePayloads.swift */,
				C507BC82673645D240CD6799 /* MessagesViewController.swift */,
				7D71E7B258442C2C7D2DB2ED /* MessagesViewControllerRendering.swift */,
				DC9249E04D36458E88050E1E /* MessagesViewControllerSending.swift */,
				3E0D09EE991B5B8488836390 /* SwiftUIRootHost.swift */,
			);
			path = MessagesExtension;
			sourceTree = "<group>";
		};
		6BA401661F6C16A4F608226D /* RiverMessagesInteractionTests */ = {
			isa = PBXGroup;
			children = (
				AED947E923C39338587A05B7 /* RiverMessagesInteractionTests.swift */,
			);
			path = RiverMessagesInteractionTests;
			sourceTree = "<group>";
		};
		B08359D185E9211107825A42 = {
			isa = PBXGroup;
			children = (
				AE0116DCB9F5F29F058ADC74 /* AppAssets.xcassets */,
				A3DEF0685D23D5E90417A041 /* PrivacyInfo.xcprivacy */,
				6B53E0B038F83EC516CD4CCC /* MessagesExtension */,
				EF49B1232E3ECD42395ADBDE /* MessagesExtensionAssets */,
				E19228AC31A764FDECF620EB /* Packages */,
				12FE704C57F230F115B91FBF /* River */,
				6BA401661F6C16A4F608226D /* RiverMessagesInteractionTests */,
				FF21A777F3118C9106E39675 /* RiverUITests */,
				D8A528121E22538390D4F030 /* Products */,
			);
			sourceTree = "<group>";
		};
		D8A528121E22538390D4F030 /* Products */ = {
			isa = PBXGroup;
			children = (
				30861353134FF039E6227447 /* River.app */,
				F3BF93C594E08ED938ACFF6C /* RiverMessages.app */,
				085B91E4FFF58BA61EFDEE64 /* RiverMessagesExtension.appex */,
				840379BB6BA1B6D862CBA5CD /* RiverMessagesInteractionTests.xctest */,
				66740829813F1A24104DDE23 /* RiverUITests.xctest */,
			);
			name = Products;
			sourceTree = "<group>";
		};
		E19228AC31A764FDECF620EB /* Packages */ = {
			isa = PBXGroup;
			children = (
				DA7DAE6A66ADA8D76B308241 /* GameCore */,
			);
			name = Packages;
			sourceTree = "<group>";
		};
		EF49B1232E3ECD42395ADBDE /* MessagesExtensionAssets */ = {
			isa = PBXGroup;
			children = (
				47CAACB0218D10193B71E2E1 /* Assets.xcassets */,
			);
			path = MessagesExtensionAssets;
			sourceTree = "<group>";
		};
		FF21A777F3118C9106E39675 /* RiverUITests */ = {
			isa = PBXGroup;
			children = (
				737FA785448C1F7BC37B6CF8 /* RiverInteractionTests.swift */,
			);
			path = RiverUITests;
			sourceTree = "<group>";
		};
/* End PBXGroup section */

/* Begin PBXNativeTarget section */
		10AF8A55EB905652D7EE2853 /* RiverUITests */ = {
			isa = PBXNativeTarget;
			buildConfigurationList = E2AF87DD4A3B3A62F486B5DA /* Build configuration list for PBXNativeTarget "RiverUITests" */;
			buildPhases = (
				87F29295965047356ED212AC /* Sources */,
			);
			buildRules = (
			);
			dependencies = (
				2B2D843C5542E23E18B5717B /* PBXTargetDependency */,
			);
			name = RiverUITests;
			packageProductDependencies = (
			);
			productName = RiverUITests;
			productReference = 66740829813F1A24104DDE23 /* RiverUITests.xctest */;
			productType = "com.apple.product-type.bundle.ui-testing";
		};
		2E5547EBF3C62BD425B1B3E0 /* River */ = {
			isa = PBXNativeTarget;
			buildConfigurationList = 61CEE7648F21B9C0BB6DB75F /* Build configuration list for PBXNativeTarget "River" */;
			buildPhases = (
				6A1DAC42A6D5112D135ECCB8 /* Sources */,
				7C33328FE12B5EF9C01739A9 /* Resources */,
				DF30D951D13B06783751D9CF /* Frameworks */,
			);
			buildRules = (
			);
			dependencies = (
			);
			name = River;
			packageProductDependencies = (
				F2E22C9344DFACA2A3B5553D /* HoldemUI */,
			);
			productName = River;
			productReference = 30861353134FF039E6227447 /* River.app */;
			productType = "com.apple.product-type.application";
		};
		5B55FBB87F45D10B7D4C52B7 /* RiverMessagesInteractionTests */ = {
			isa = PBXNativeTarget;
			buildConfigurationList = 7F5C5F0BDD5A05CDAC2A1B18 /* Build configuration list for PBXNativeTarget "RiverMessagesInteractionTests" */;
			buildPhases = (
				70684936198A7FD99488D733 /* Sources */,
			);
			buildRules = (
			);
			dependencies = (
				ADA6362599CE6A1D23BBF037 /* PBXTargetDependency */,
			);
			name = RiverMessagesInteractionTests;
			packageProductDependencies = (
			);
			productName = RiverMessagesInteractionTests;
			productReference = 840379BB6BA1B6D862CBA5CD /* RiverMessagesInteractionTests.xctest */;
			productType = "com.apple.product-type.bundle.ui-testing";
		};
		B2E1D6A52DCBF4B2CF8BF3B2 /* RiverMessagesExtension */ = {
			isa = PBXNativeTarget;
			buildConfigurationList = 5D37A381066F22A6A0278CBA /* Build configuration list for PBXNativeTarget "RiverMessagesExtension" */;
			buildPhases = (
				FDBD32E8CC47CF103293FD95 /* Sources */,
				4308C030E66D276496627C71 /* Resources */,
				3EAF428B29F3AF9324560545 /* Frameworks */,
			);
			buildRules = (
			);
			dependencies = (
			);
			name = RiverMessagesExtension;
			packageProductDependencies = (
				7FACAA3B8E27F93AD7658CAA /* GameCore */,
				9A9B1385AA5890261DE20000 /* HoldemUI */,
			);
			productName = RiverMessagesExtension;
			productReference = 085B91E4FFF58BA61EFDEE64 /* RiverMessagesExtension.appex */;
			productType = "com.apple.product-type.app-extension.messages";
		};
		D7CE16DF1CF27F10F182730A /* RiverMessages */ = {
			isa = PBXNativeTarget;
			buildConfigurationList = AA55340365CE5F34B3603D74 /* Build configuration list for PBXNativeTarget "RiverMessages" */;
			buildPhases = (
				905AECB4235573B581AB95B0 /* Resources */,
				092E899B3A5D0B80133772A3 /* Embed Foundation Extensions */,
			);
			buildRules = (
			);
			dependencies = (
				771CC25E7585DF4FD60F593F /* PBXTargetDependency */,
			);
			name = RiverMessages;
			packageProductDependencies = (
			);
			productName = RiverMessages;
			productReference = F3BF93C594E08ED938ACFF6C /* RiverMessages.app */;
			productType = "com.apple.product-type.application.messages";
		};
/* End PBXNativeTarget section */

/* Begin PBXProject section */
		1111CDE7BEEF717E1E0BB5C9 /* Project object */ = {
			isa = PBXProject;
			attributes = {
				BuildIndependentTargetsInParallel = YES;
				LastUpgradeCheck = 1430;
				TargetAttributes = {
					10AF8A55EB905652D7EE2853 = {
						TestTargetID = 2E5547EBF3C62BD425B1B3E0;
					};
					5B55FBB87F45D10B7D4C52B7 = {
						TestTargetID = D7CE16DF1CF27F10F182730A;
					};
				};
			};
			buildConfigurationList = 0E8F356653DDD753CEA035C8 /* Build configuration list for PBXProject "River" */;
			developmentRegion = en;
			hasScannedForEncodings = 0;
			knownRegions = (
				Base,
				en,
			);
			mainGroup = B08359D185E9211107825A42;
			minimizedProjectReferenceProxies = 1;
			packageReferences = (
				3AEE5681BDBF74587AD40814 /* XCLocalSwiftPackageReference "GameCore" */,
			);
			preferredProjectObjectVersion = 77;
			productRefGroup = D8A528121E22538390D4F030 /* Products */;
			projectDirPath = "";
			projectRoot = "";
			targets = (
				2E5547EBF3C62BD425B1B3E0 /* River */,
				D7CE16DF1CF27F10F182730A /* RiverMessages */,
				B2E1D6A52DCBF4B2CF8BF3B2 /* RiverMessagesExtension */,
				5B55FBB87F45D10B7D4C52B7 /* RiverMessagesInteractionTests */,
				10AF8A55EB905652D7EE2853 /* RiverUITests */,
			);
		};
/* End PBXProject section */

/* Begin PBXResourcesBuildPhase section */
		4308C030E66D276496627C71 /* Resources */ = {
			isa = PBXResourcesBuildPhase;
			buildActionMask = 2147483647;
			files = (
				20880855A11CA8A85BED32AB /* Assets.xcassets in Resources */,
				EB90F9E515C2B7828B23211B /* PrivacyInfo.xcprivacy in Resources */,
			);
			runOnlyForDeploymentPostprocessing = 0;
		};
		7C33328FE12B5EF9C01739A9 /* Resources */ = {
			isa = PBXResourcesBuildPhase;
			buildActionMask = 2147483647;
			files = (
				087A501860A3692DEC187968 /* AppAssets.xcassets in Resources */,
				AB31F238D964842DB3136435 /* PrivacyInfo.xcprivacy in Resources */,
			);
			runOnlyForDeploymentPostprocessing = 0;
		};
		905AECB4235573B581AB95B0 /* Resources */ = {
			isa = PBXResourcesBuildPhase;
			buildActionMask = 2147483647;
			files = (
				FD72318788A853FC134002E5 /* AppAssets.xcassets in Resources */,
			);
			runOnlyForDeploymentPostprocessing = 0;
		};
/* End PBXResourcesBuildPhase section */

/* Begin PBXSourcesBuildPhase section */
		6A1DAC42A6D5112D135ECCB8 /* Sources */ = {
			isa = PBXSourcesBuildPhase;
			buildActionMask = 2147483647;
			files = (
				25717E23C3C122A51981FB5D /* River.swift in Sources */,
			);
			runOnlyForDeploymentPostprocessing = 0;
		};
		70684936198A7FD99488D733 /* Sources */ = {
			isa = PBXSourcesBuildPhase;
			buildActionMask = 2147483647;
			files = (
				025AED77D04D7F80B9824D96 /* RiverMessagesInteractionTests.swift in Sources */,
			);
			runOnlyForDeploymentPostprocessing = 0;
		};
		87F29295965047356ED212AC /* Sources */ = {
			isa = PBXSourcesBuildPhase;
			buildActionMask = 2147483647;
			files = (
				9E04C295B6B2C00E2BFE5B9B /* RiverInteractionTests.swift in Sources */,
			);
			runOnlyForDeploymentPostprocessing = 0;
		};
		FDBD32E8CC47CF103293FD95 /* Sources */ = {
			isa = PBXSourcesBuildPhase;
			buildActionMask = 2147483647;
			files = (
				E6633CC7F6C607760E64A479 /* LatestRevisionStore.swift in Sources */,
				930DF8FB35E80E76C9D5590F /* MessagePayloads.swift in Sources */,
				804CBE22DD0975E0774D760B /* MessagesViewController.swift in Sources */,
				B526A93AA1F6EB84E42D239A /* MessagesViewControllerRendering.swift in Sources */,
				74D797A4417460109BF9AF24 /* MessagesViewControllerSending.swift in Sources */,
				C5D6BA3B73DD9323B661BED4 /* SwiftUIRootHost.swift in Sources */,
			);
			runOnlyForDeploymentPostprocessing = 0;
		};
/* End PBXSourcesBuildPhase section */

/* Begin PBXTargetDependency section */
		2B2D843C5542E23E18B5717B /* PBXTargetDependency */ = {
			isa = PBXTargetDependency;
			target = 2E5547EBF3C62BD425B1B3E0 /* River */;
			targetProxy = 3914937FE4A6F33210F7E66C /* PBXContainerItemProxy */;
		};
		771CC25E7585DF4FD60F593F /* PBXTargetDependency */ = {
			isa = PBXTargetDependency;
			target = B2E1D6A52DCBF4B2CF8BF3B2 /* RiverMessagesExtension */;
			targetProxy = CF8AA2546096020DA66DDA0A /* PBXContainerItemProxy */;
		};
		ADA6362599CE6A1D23BBF037 /* PBXTargetDependency */ = {
			isa = PBXTargetDependency;
			target = D7CE16DF1CF27F10F182730A /* RiverMessages */;
			targetProxy = DA136C077AF226D04709306D /* PBXContainerItemProxy */;
		};
/* End PBXTargetDependency section */

/* Begin XCBuildConfiguration section */
		52409E7B192654B307C71088 /* Debug */ = {
			isa = XCBuildConfiguration;
			buildSettings = {
				ASSETCATALOG_COMPILER_APPICON_NAME = AppIcon;
				CODE_SIGN_ENTITLEMENTS = River.entitlements;
				CODE_SIGN_IDENTITY = "iPhone Developer";
				CURRENT_PROJECT_VERSION = 1;
				GENERATE_INFOPLIST_FILE = YES;
				INFOPLIST_KEY_CFBundleDisplayName = River;
				INFOPLIST_KEY_UIApplicationSceneManifest_Generation = YES;
				INFOPLIST_KEY_UILaunchScreen_Generation = YES;
				LD_RUNPATH_SEARCH_PATHS = (
					"$(inherited)",
					"@executable_path/Frameworks",
				);
				MARKETING_VERSION = 1.0;
				PRODUCT_BUNDLE_IDENTIFIER = com.dewylabs.river.standalone;
				SDKROOT = iphoneos;
				TARGETED_DEVICE_FAMILY = 1;
			};
			name = Debug;
		};
		6828A6D60E5D82D3368094F7 /* Release */ = {
			isa = XCBuildConfiguration;
			buildSettings = {
				ASSETCATALOG_COMPILER_APPICON_NAME = AppIcon;
				CURRENT_PROJECT_VERSION = 1;
				GENERATE_INFOPLIST_FILE = YES;
				INFOPLIST_KEY_CFBundleDisplayName = River;
				LD_RUNPATH_SEARCH_PATHS = (
					"$(inherited)",
					"@executable_path/Frameworks",
				);
				MARKETING_VERSION = 1.0;
				PRODUCT_BUNDLE_IDENTIFIER = com.dewylabs.river;
				SDKROOT = iphoneos;
				TARGETED_DEVICE_FAMILY = 1;
			};
			name = Release;
		};
		778B5E3D08343B579F01BE34 /* Debug */ = {
			isa = XCBuildConfiguration;
			buildSettings = {
				ALWAYS_SEARCH_USER_PATHS = NO;
				CLANG_ANALYZER_NONNULL = YES;
				CLANG_ANALYZER_NUMBER_OBJECT_CONVERSION = YES_AGGRESSIVE;
				CLANG_CXX_LANGUAGE_STANDARD = "gnu++14";
				CLANG_CXX_LIBRARY = "libc++";
				CLANG_ENABLE_MODULES = YES;
				CLANG_ENABLE_OBJC_ARC = YES;
				CLANG_ENABLE_OBJC_WEAK = YES;
				CLANG_WARN_BLOCK_CAPTURE_AUTORELEASING = YES;
				CLANG_WARN_BOOL_CONVERSION = YES;
				CLANG_WARN_COMMA = YES;
				CLANG_WARN_CONSTANT_CONVERSION = YES;
				CLANG_WARN_DEPRECATED_OBJC_IMPLEMENTATIONS = YES;
				CLANG_WARN_DIRECT_OBJC_ISA_USAGE = YES_ERROR;
				CLANG_WARN_DOCUMENTATION_COMMENTS = YES;
				CLANG_WARN_EMPTY_BODY = YES;
				CLANG_WARN_ENUM_CONVERSION = YES;
				CLANG_WARN_INFINITE_RECURSION = YES;
				CLANG_WARN_INT_CONVERSION = YES;
				CLANG_WARN_NON_LITERAL_NULL_CONVERSION = YES;
				CLANG_WARN_OBJC_IMPLICIT_RETAIN_SELF = YES;
				CLANG_WARN_OBJC_LITERAL_CONVERSION = YES;
				CLANG_WARN_OBJC_ROOT_CLASS = YES_ERROR;
				CLANG_WARN_QUOTED_INCLUDE_IN_FRAMEWORK_HEADER = YES;
				CLANG_WARN_RANGE_LOOP_ANALYSIS = YES;
				CLANG_WARN_STRICT_PROTOTYPES = YES;
				CLANG_WARN_SUSPICIOUS_MOVE = YES;
				CLANG_WARN_UNGUARDED_AVAILABILITY = YES_AGGRESSIVE;
				CLANG_WARN_UNREACHABLE_CODE = YES;
				CLANG_WARN__DUPLICATE_METHOD_MATCH = YES;
				COPY_PHASE_STRIP = NO;
				DEBUG_INFORMATION_FORMAT = dwarf;
				ENABLE_STRICT_OBJC_MSGSEND = YES;
				ENABLE_TESTABILITY = YES;
				GCC_C_LANGUAGE_STANDARD = gnu11;
				GCC_DYNAMIC_NO_PIC = NO;
				GCC_NO_COMMON_BLOCKS = YES;
				GCC_OPTIMIZATION_LEVEL = 0;
				GCC_PREPROCESSOR_DEFINITIONS = (
					"$(inherited)",
					"DEBUG=1",
				);
				GCC_WARN_64_TO_32_BIT_CONVERSION = YES;
				GCC_WARN_ABOUT_RETURN_TYPE = YES_ERROR;
				GCC_WARN_UNDECLARED_SELECTOR = YES;
				GCC_WARN_UNINITIALIZED_AUTOS = YES_AGGRESSIVE;
				GCC_WARN_UNUSED_FUNCTION = YES;
				GCC_WARN_UNUSED_VARIABLE = YES;
				IPHONEOS_DEPLOYMENT_TARGET = 17.0;
				MTL_ENABLE_DEBUG_INFO = INCLUDE_SOURCE;
				MTL_FAST_MATH = YES;
				ONLY_ACTIVE_ARCH = YES;
				PRODUCT_NAME = "$(TARGET_NAME)";
				SDKROOT = iphoneos;
				SWIFT_ACTIVE_COMPILATION_CONDITIONS = DEBUG;
				SWIFT_OPTIMIZATION_LEVEL = "-Onone";
				SWIFT_VERSION = 5.0;
			};
			name = Debug;
		};
		78F2ACC1F6952E935DFD337D /* Release */ = {
			isa = XCBuildConfiguration;
			buildSettings = {
				ASSETCATALOG_COMPILER_APPICON_NAME = AppIcon;
				CODE_SIGN_ENTITLEMENTS = River.entitlements;
				CODE_SIGN_IDENTITY = "iPhone Developer";
				CURRENT_PROJECT_VERSION = 1;
				GENERATE_INFOPLIST_FILE = YES;
				INFOPLIST_KEY_CFBundleDisplayName = River;
				INFOPLIST_KEY_UIApplicationSceneManifest_Generation = YES;
				INFOPLIST_KEY_UILaunchScreen_Generation = YES;
				LD_RUNPATH_SEARCH_PATHS = (
					"$(inherited)",
					"@executable_path/Frameworks",
				);
				MARKETING_VERSION = 1.0;
				PRODUCT_BUNDLE_IDENTIFIER = com.dewylabs.river.standalone;
				SDKROOT = iphoneos;
				TARGETED_DEVICE_FAMILY = 1;
			};
			name = Release;
		};
		9BF3A2927A5EB122B61A3A53 /* Release */ = {
			isa = XCBuildConfiguration;
			buildSettings = {
				BUNDLE_LOADER = "$(TEST_HOST)";
				CODE_SIGNING_ALLOWED = NO;
				GENERATE_INFOPLIST_FILE = YES;
				LD_RUNPATH_SEARCH_PATHS = (
					"$(inherited)",
					"@executable_path/Frameworks",
					"@loader_path/Frameworks",
				);
				PRODUCT_BUNDLE_IDENTIFIER = com.dewylabs.river.uitests;
				SDKROOT = iphoneos;
				TARGETED_DEVICE_FAMILY = "1,2";
				TEST_TARGET_NAME = RiverMessages;
			};
			name = Release;
		};
		9CE45E20D0492A64B4BCB9AE /* Release */ = {
			isa = XCBuildConfiguration;
			buildSettings = {
				BUNDLE_LOADER = "$(TEST_HOST)";
				CODE_SIGNING_ALLOWED = NO;
				GENERATE_INFOPLIST_FILE = YES;
				LD_RUNPATH_SEARCH_PATHS = (
					"$(inherited)",
					"@executable_path/Frameworks",
					"@loader_path/Frameworks",
				);
				PRODUCT_BUNDLE_IDENTIFIER = com.dewylabs.river.standalone.uitests;
				SDKROOT = iphoneos;
				TARGETED_DEVICE_FAMILY = "1,2";
				TEST_TARGET_NAME = River;
			};
			name = Release;
		};
		C16AD038AF5F092C2BC2C412 /* Release */ = {
			isa = XCBuildConfiguration;
			buildSettings = {
				ALWAYS_SEARCH_USER_PATHS = NO;
				CLANG_ANALYZER_NONNULL = YES;
				CLANG_ANALYZER_NUMBER_OBJECT_CONVERSION = YES_AGGRESSIVE;
				CLANG_CXX_LANGUAGE_STANDARD = "gnu++14";
				CLANG_CXX_LIBRARY = "libc++";
				CLANG_ENABLE_MODULES = YES;
				CLANG_ENABLE_OBJC_ARC = YES;
				CLANG_ENABLE_OBJC_WEAK = YES;
				CLANG_WARN_BLOCK_CAPTURE_AUTORELEASING = YES;
				CLANG_WARN_BOOL_CONVERSION = YES;
				CLANG_WARN_COMMA = YES;
				CLANG_WARN_CONSTANT_CONVERSION = YES;
				CLANG_WARN_DEPRECATED_OBJC_IMPLEMENTATIONS = YES;
				CLANG_WARN_DIRECT_OBJC_ISA_USAGE = YES_ERROR;
				CLANG_WARN_DOCUMENTATION_COMMENTS = YES;
				CLANG_WARN_EMPTY_BODY = YES;
				CLANG_WARN_ENUM_CONVERSION = YES;
				CLANG_WARN_INFINITE_RECURSION = YES;
				CLANG_WARN_INT_CONVERSION = YES;
				CLANG_WARN_NON_LITERAL_NULL_CONVERSION = YES;
				CLANG_WARN_OBJC_IMPLICIT_RETAIN_SELF = YES;
				CLANG_WARN_OBJC_LITERAL_CONVERSION = YES;
				CLANG_WARN_OBJC_ROOT_CLASS = YES_ERROR;
				CLANG_WARN_QUOTED_INCLUDE_IN_FRAMEWORK_HEADER = YES;
				CLANG_WARN_RANGE_LOOP_ANALYSIS = YES;
				CLANG_WARN_STRICT_PROTOTYPES = YES;
				CLANG_WARN_SUSPICIOUS_MOVE = YES;
				CLANG_WARN_UNGUARDED_AVAILABILITY = YES_AGGRESSIVE;
				CLANG_WARN_UNREACHABLE_CODE = YES;
				CLANG_WARN__DUPLICATE_METHOD_MATCH = YES;
				COPY_PHASE_STRIP = NO;
				DEBUG_INFORMATION_FORMAT = "dwarf-with-dsym";
				ENABLE_NS_ASSERTIONS = NO;
				ENABLE_STRICT_OBJC_MSGSEND = YES;
				GCC_C_LANGUAGE_STANDARD = gnu11;
				GCC_NO_COMMON_BLOCKS = YES;
				GCC_WARN_64_TO_32_BIT_CONVERSION = YES;
				GCC_WARN_ABOUT_RETURN_TYPE = YES_ERROR;
				GCC_WARN_UNDECLARED_SELECTOR = YES;
				GCC_WARN_UNINITIALIZED_AUTOS = YES_AGGRESSIVE;
				GCC_WARN_UNUSED_FUNCTION = YES;
				GCC_WARN_UNUSED_VARIABLE = YES;
				IPHONEOS_DEPLOYMENT_TARGET = 17.0;
				MTL_ENABLE_DEBUG_INFO = NO;
				MTL_FAST_MATH = YES;
				PRODUCT_NAME = "$(TARGET_NAME)";
				SDKROOT = iphoneos;
				SWIFT_COMPILATION_MODE = wholemodule;
				SWIFT_OPTIMIZATION_LEVEL = "-O";
				SWIFT_VERSION = 5.0;
			};
			name = Release;
		};
		C3251A9E0262C81A36AFFC2E /* Debug */ = {
			isa = XCBuildConfiguration;
			buildSettings = {
				ASSETCATALOG_COMPILER_APPICON_NAME = AppIcon;
				CURRENT_PROJECT_VERSION = 1;
				GENERATE_INFOPLIST_FILE = YES;
				INFOPLIST_KEY_CFBundleDisplayName = River;
				LD_RUNPATH_SEARCH_PATHS = (
					"$(inherited)",
					"@executable_path/Frameworks",
				);
				MARKETING_VERSION = 1.0;
				PRODUCT_BUNDLE_IDENTIFIER = com.dewylabs.river;
				SDKROOT = iphoneos;
				TARGETED_DEVICE_FAMILY = 1;
			};
			name = Debug;
		};
		C3C61011EDD8571AC0A60269 /* Debug */ = {
			isa = XCBuildConfiguration;
			buildSettings = {
				BUNDLE_LOADER = "$(TEST_HOST)";
				CODE_SIGNING_ALLOWED = NO;
				GENERATE_INFOPLIST_FILE = YES;
				LD_RUNPATH_SEARCH_PATHS = (
					"$(inherited)",
					"@executable_path/Frameworks",
					"@loader_path/Frameworks",
				);
				PRODUCT_BUNDLE_IDENTIFIER = com.dewylabs.river.uitests;
				SDKROOT = iphoneos;
				TARGETED_DEVICE_FAMILY = "1,2";
				TEST_TARGET_NAME = RiverMessages;
			};
			name = Debug;
		};
		D64C27805EC4F7D28691E642 /* Debug */ = {
			isa = XCBuildConfiguration;
			buildSettings = {
				BUNDLE_LOADER = "$(TEST_HOST)";
				CODE_SIGNING_ALLOWED = NO;
				GENERATE_INFOPLIST_FILE = YES;
				LD_RUNPATH_SEARCH_PATHS = (
					"$(inherited)",
					"@executable_path/Frameworks",
					"@loader_path/Frameworks",
				);
				PRODUCT_BUNDLE_IDENTIFIER = com.dewylabs.river.standalone.uitests;
				SDKROOT = iphoneos;
				TARGETED_DEVICE_FAMILY = "1,2";
				TEST_TARGET_NAME = River;
			};
			name = Debug;
		};
		ECC3E2B0C56E59B8A252441D /* Debug */ = {
			isa = XCBuildConfiguration;
			buildSettings = {
				ASSETCATALOG_COMPILER_APPICON_NAME = "iMessage App Icon";
				CODE_SIGN_ENTITLEMENTS = River.entitlements;
				CURRENT_PROJECT_VERSION = 1;
				INFOPLIST_FILE = MessagesExtension/Info.plist;
				LD_RUNPATH_SEARCH_PATHS = (
					"$(inherited)",
					"@executable_path/Frameworks",
					"@executable_path/../../Frameworks",
				);
				MARKETING_VERSION = 1.0;
				PRODUCT_BUNDLE_IDENTIFIER = com.dewylabs.river.messages;
				SDKROOT = iphoneos;
				TARGETED_DEVICE_FAMILY = 1;
			};
			name = Debug;
		};
		F11A6276DD46EF2662123998 /* Release */ = {
			isa = XCBuildConfiguration;
			buildSettings = {
				ASSETCATALOG_COMPILER_APPICON_NAME = "iMessage App Icon";
				CODE_SIGN_ENTITLEMENTS = River.entitlements;
				CURRENT_PROJECT_VERSION = 1;
				INFOPLIST_FILE = MessagesExtension/Info.plist;
				LD_RUNPATH_SEARCH_PATHS = (
					"$(inherited)",
					"@executable_path/Frameworks",
					"@executable_path/../../Frameworks",
				);
				MARKETING_VERSION = 1.0;
				PRODUCT_BUNDLE_IDENTIFIER = com.dewylabs.river.messages;
				SDKROOT = iphoneos;
				TARGETED_DEVICE_FAMILY = 1;
			};
			name = Release;
		};
/* End XCBuildConfiguration section */

/* Begin XCConfigurationList section */
		0E8F356653DDD753CEA035C8 /* Build configuration list for PBXProject "River" */ = {
			isa = XCConfigurationList;
			buildConfigurations = (
				778B5E3D08343B579F01BE34 /* Debug */,
				C16AD038AF5F092C2BC2C412 /* Release */,
			);
			defaultConfigurationIsVisible = 0;
			defaultConfigurationName = Debug;
		};
		5D37A381066F22A6A0278CBA /* Build configuration list for PBXNativeTarget "RiverMessagesExtension" */ = {
			isa = XCConfigurationList;
			buildConfigurations = (
				ECC3E2B0C56E59B8A252441D /* Debug */,
				F11A6276DD46EF2662123998 /* Release */,
			);
			defaultConfigurationIsVisible = 0;
			defaultConfigurationName = Debug;
		};
		61CEE7648F21B9C0BB6DB75F /* Build configuration list for PBXNativeTarget "River" */ = {
			isa = XCConfigurationList;
			buildConfigurations = (
				52409E7B192654B307C71088 /* Debug */,
				78F2ACC1F6952E935DFD337D /* Release */,
			);
			defaultConfigurationIsVisible = 0;
			defaultConfigurationName = Debug;
		};
		7F5C5F0BDD5A05CDAC2A1B18 /* Build configuration list for PBXNativeTarget "RiverMessagesInteractionTests" */ = {
			isa = XCConfigurationList;
			buildConfigurations = (
				C3C61011EDD8571AC0A60269 /* Debug */,
				9BF3A2927A5EB122B61A3A53 /* Release */,
			);
			defaultConfigurationIsVisible = 0;
			defaultConfigurationName = Debug;
		};
		AA55340365CE5F34B3603D74 /* Build configuration list for PBXNativeTarget "RiverMessages" */ = {
			isa = XCConfigurationList;
			buildConfigurations = (
				C3251A9E0262C81A36AFFC2E /* Debug */,
				6828A6D60E5D82D3368094F7 /* Release */,
			);
			defaultConfigurationIsVisible = 0;
			defaultConfigurationName = Debug;
		};
		E2AF87DD4A3B3A62F486B5DA /* Build configuration list for PBXNativeTarget "RiverUITests" */ = {
			isa = XCConfigurationList;
			buildConfigurations = (
				D64C27805EC4F7D28691E642 /* Debug */,
				9CE45E20D0492A64B4BCB9AE /* Release */,
			);
			defaultConfigurationIsVisible = 0;
			defaultConfigurationName = Debug;
		};
/* End XCConfigurationList section */

/* Begin XCLocalSwiftPackageReference section */
		3AEE5681BDBF74587AD40814 /* XCLocalSwiftPackageReference "GameCore" */ = {
			isa = XCLocalSwiftPackageReference;
			relativePath = GameCore;
		};
/* End XCLocalSwiftPackageReference section */

/* Begin XCSwiftPackageProductDependency section */
		7FACAA3B8E27F93AD7658CAA /* GameCore */ = {
			isa = XCSwiftPackageProductDependency;
			productName = GameCore;
		};
		9A9B1385AA5890261DE20000 /* HoldemUI */ = {
			isa = XCSwiftPackageProductDependency;
			productName = HoldemUI;
		};
		F2E22C9344DFACA2A3B5553D /* HoldemUI */ = {
			isa = XCSwiftPackageProductDependency;
			productName = HoldemUI;
		};
/* End XCSwiftPackageProductDependency section */
	};
	rootObject = 1111CDE7BEEF717E1E0BB5C9 /* Project object */;
}
